PODS:
  - Alamofire (4.5.0)
  - Kingfisher (3.11.0)
  - SnapKit (3.2.0)
  - SwiftyJSON (3.1.4)

DEPENDENCIES:
  - Alamofire
  - Kingfisher
  - SnapKit
  - SwiftyJSON

SPEC REPOS:
  https://github.com/cocoapods/specs.git:
    - Alamofire
    - Kingfisher
    - SnapKit
    - SwiftyJSON

SPEC CHECKSUMS:
  Alamofire: f28cdffd29de33a7bfa022cbd63ae95a27fae140
  Kingfisher: c8911a7672c6217dec8c0520fb6e76ec4b7e0780
  SnapKit: 1ca44df72cfa543218d177cb8aab029d10d86ea7
  SwiftyJSON: c2842d878f95482ffceec5709abc3d05680c0220

PODFILE CHECKSUM: 70cf8f687cf6bef209dc29699d23fa9e8b25bab5

COCOAPODS: 1.5.3
